
Microsoft Visual Studio Solution File, Format Version 12.00
# Visual Studio Version 17
VisualStudioVersion = 17.13.35931.197 d17.13
MinimumVisualStudioVersion = 10.0.40219.1
Project("{FAE04EC0-301F-11D3-BF4B-00C04F79EFBC}") = "CinemaPremiera", "CinemaPremiera\CinemaPremiera.csproj", "{9F41D62C-B28C-410B-A9AD-9F63D74EBB5D}"
EndProject
Global
	GlobalSection(SolutionConfigurationPlatforms) = preSolution
		Debug|Any CPU = Debug|Any CPU
		Release|Any CPU = Release|Any CPU
	EndGlobalSection
	GlobalSection(ProjectConfigurationPlatforms) = postSolution
		{9F41D62C-B28C-410B-A9AD-9F63D74EBB5D}.Debug|Any CPU.ActiveCfg = Debug|Any CPU
		{9F41D62C-B28C-410B-A9AD-9F63D74EBB5D}.Debug|Any CPU.Build.0 = Debug|Any CPU
		{9F41D62C-B28C-410B-A9AD-9F63D74EBB5D}.Release|Any CPU.ActiveCfg = Release|Any CPU
		{9F41D62C-B28C-410B-A9AD-9F63D74EBB5D}.Release|Any CPU.Build.0 = Release|Any CPU
	EndGlobalSection
	GlobalSection(SolutionProperties) = preSolution
		HideSolutionNode = FALSE
	EndGlobalSection
	GlobalSection(ExtensibilityGlobals) = postSolution
		SolutionGuid = {AC1B0DF1-158D-4CCC-B2EF-F94E3DB32EA5}
	EndGlobalSection
EndGlobal
